// !$*UTF8*$!
{
	archiveVersion = 1;
	classes = {
	};
	objectVersion = 46;
	objects = {

/* Begin PBXBuildFile section */
		4DEB109D1D1BB81B00BC451C /* AppDelegate.swift in Sources */ = {isa = PBXBuildFile; fileRef = 4DEB109C1D1BB81B00BC451C /* AppDelegate.swift */; };
		4DEB109F1D1BB81B00BC451C /* ViewController.swift in Sources */ = {isa = PBXBuildFile; fileRef = 4DEB109E1D1BB81B00BC451C /* ViewController.swift */; };
		4DEB10A21D1BB81B00BC451C /* Main.storyboard in Resources */ = {isa = PBXBuildFile; fileRef = 4DEB10A01D1BB81B00BC451C /* Main.storyboard */; };
		4DEB10A41D1BB81B00BC451C /* Assets.xcassets in Resources */ = {isa = PBXBuildFile; fileRef = 4DEB10A31D1BB81B00BC451C /* Assets.xcassets */; };
		4DEB10A71D1BB81B00BC451C /* LaunchScreen.storyboard in Resources */ = {isa = PBXBuildFile; fileRef = 4DEB10A51D1BB81B00BC451C /* LaunchScreen.storyboard */; };
		55AA94640EC0AB48367E03D6 /* Pods_LadyMarryTwitter.framework in Frameworks */ = {isa = PBXBuildFile; fileRef = 186A252233C233170F0C8BC7 /* Pods_LadyMarryTwitter.framework */; };
/* End PBXBuildFile section */

/* Begin PBXFileReference section */
		186A252233C233170F0C8BC7 /* Pods_LadyMarryTwitter.framework */ = {isa = PBXFileReference; explicitFileType = wrapper.framework; includeInIndex = 0; path = Pods_LadyMarryTwitter.framework; sourceTree = BUILT_PRODUCTS_DIR; };
		220CEDE501BDD656BA4408C3 /* Pods-LadyMarryTwitter.release.xcconfig */ = {isa = PBXFileReference; includeInIndex = 1; lastKnownFileType = text.xcconfig; name = "Pods-LadyMarryTwitter.release.xcconfig"; path = "Pods/Target Support Files/Pods-LadyMarryTwitter/Pods-LadyMarryTwitter.release.xcconfig"; sourceTree = "<group>"; };
		4DEB10991D1BB81B00BC451C /* LadyMarryTwitter.app */ = {isa = PBXFileReference; explicitFileType = wrapper.application; includeInIndex = 0; path = LadyMarryTwitter.app; sourceTree = BUILT_PRODUCTS_DIR; };
		4DEB109C1D1BB81B00BC451C /* AppDelegate.swift */ = {isa = PBXFileReference; lastKnownFileType = sourcecode.swift; path = AppDelegate.swift; sourceTree = "<group>"; };
		4DEB109E1D1BB81B00BC451C /* ViewController.swift */ = {isa = PBXFileReference; lastKnownFileType = sourcecode.swift; path = ViewController.swift; sourceTree = "<group>"; };
		4DEB10A11D1BB81B00BC451C /* Base */ = {isa = PBXFileReference; lastKnownFileType = file.storyboard; name = Base; path = Base.lproj/Main.storyboard; sourceTree = "<group>"; };
		4DEB10A31D1BB81B00BC451C /* Assets.xcassets */ = {isa = PBXFileReference; lastKnownFileType = folder.assetcatalog; path = Assets.xcassets; sourceTree = "<group>"; };
		4DEB10A61D1BB81B00BC451C /* Base */ = {isa = PBXFileReference; lastKnownFileType = file.storyboard; name = Base; path = Base.lproj/LaunchScreen.storyboard; sourceTree = "<group>"; };
		4DEB10A81D1BB81B00BC451C /* Info.plist */ = {isa = PBXFileReference; lastKnownFileType = text.plist.xml; path = Info.plist; sourceTree = "<group>"; };
		66A15E877571908359A2ED6C /* Pods-LadyMarryTwitter.debug.xcconfig */ = {isa = PBXFileReference; includeInIndex = 1; lastKnownFileType = text.xcconfig; name = "Pods-LadyMarryTwitter.debug.xcconfig"; path = "Pods/Target Support Files/Pods-LadyMarryTwitter/Pods-LadyMarryTwitter.debug.xcconfig"; sourceTree = "<group>"; };
/* End PBXFileReference section */

/* Begin PBXFrameworksBuildPhase section */
		4DEB10961D1BB81B00BC451C /* Frameworks */ = {
			isa = PBXFrameworksBuildPhase;
			buildActionMask = 2147483647;
			files = (
				55AA94640EC0AB48367E03D6 /* Pods_LadyMarryTwitter.framework in Frameworks */,
			);
			runOnlyForDeploymentPostprocessing = 0;
		};
/* End PBXFrameworksBuildPhase section */

/* Begin PBXGroup section */
		4DEB10901D1BB81B00BC451C = {
			isa = PBXGroup;
			children = (
				4DEB109B1D1BB81B00BC451C /* LadyMarryTwitter */,
				4DEB109A1D1BB81B00BC451C /* Products */,
				9509B06864D3F04BB0620D7B /* Pods */,
				C2B8462C81ED39CEB0BBDC83 /* Frameworks */,
			);
			sourceTree = "<group>";
		};
		4DEB109A1D1BB81B00BC451C /* Products */ = {
			isa = PBXGroup;
			children = (
				4DEB10991D1BB81B00BC451C /* LadyMarryTwitter.app */,
			);
			name = Products;
			sourceTree = "<group>";
		};
		4DEB109B1D1BB81B00BC451C /* LadyMarryTwitter */ = {
			isa = PBXGroup;
			children = (
				4DEB109C1D1BB81B00BC451C /* AppDelegate.swift */,
				4DEB109E1D1BB81B00BC451C /* ViewController.swift */,
				4DEB10A01D1BB81B00BC451C /* Main.storyboard */,
				4DEB10A31D1BB81B00BC451C /* Assets.xcassets */,
				4DEB10A51D1BB81B00BC451C /* LaunchScreen.storyboard */,
				4DEB10A81D1BB81B00BC451C /* Info.plist */,
			);
			path = LadyMarryTwitter;
			sourceTree = "<group>";
		};
		9509B06864D3F04BB0620D7B /* Pods */ = {
			isa = PBXGroup;
			children = (
				66A15E877571908359A2ED6C /* Pods-LadyMarryTwitter.debug.xcconfig */,
				220CEDE501BDD656BA4408C3 /* Pods-LadyMarryTwitter.release.xcconfig */,
			);
			name = Pods;
			sourceTree = "<group>";
		};
		C2B8462C81ED39CEB0BBDC83 /* Frameworks */ = {
			isa = PBXGroup;
			children = (
				186A252233C233170F0C8BC7 /* Pods_LadyMarryTwitter.framework */,
			);
			name = Frameworks;
			sourceTree = "<group>";
		};
/* End PBXGroup section */

/* Begin PBXNativeTarget section */
		4DEB10981D1BB81B00BC451C /* LadyMarryTwitter */ = {
			isa = PBXNativeTarget;
			buildConfigurationList = 4DEB10AB1D1BB81B00BC451C /* Build configuration list for PBXNativeTarget "LadyMarryTwitter" */;
			buildPhases = (
				A6F5A65DEC9B72CE64912D12 /* 📦 Check Pods Manifest.lock */,
				4DEB10951D1BB81B00BC451C /* Sources */,
				4DEB10961D1BB81B00BC451C /* Frameworks */,
				4DEB10971D1BB81B00BC451C /* Resources */,
				3FC70D8FAB2ED216CD316503 /* 📦 Embed Pods Frameworks */,
				9C3844796EC649B8FF749E64 /* 📦 Copy Pods Resources */,
			);
			buildRules = (
			);
			dependencies = (
			);
			name = LadyMarryTwitter;
			productName = LadyMarryTwitter;
			productReference = 4DEB10991D1BB81B00BC451C /* LadyMarryTwitter.app */;
			productType = "com.apple.product-type.application";
		};
/* End PBXNativeTarget section */

/* Begin PBXProject section */
		4DEB10911D1BB81B00BC451C /* Project object */ = {
			isa = PBXProject;
			attributes = {
				LastSwiftUpdateCheck = 0730;
				LastUpgradeCheck = 0730;
				ORGANIZATIONNAME = "Yu Qi Hao";
				TargetAttributes = {
					4DEB10981D1BB81B00BC451C = {
						CreatedOnToolsVersion = 7.3;
					};
				};
			};
			buildConfigurationList = 4DEB10941D1BB81B00BC451C /* Build configuration list for PBXProject "LadyMarryTwitter" */;
			compatibilityVersion = "Xcode 3.2";
			developmentRegion = English;
			hasScannedForEncodings = 0;
			knownRegions = (
				en,
				Base,
			);
			mainGroup = 4DEB10901D1BB81B00BC451C;
			productRefGroup = 4DEB109A1D1BB81B00BC451C /* Products */;
			projectDirPath = "";
			projectRoot = "";
			targets = (
				4DEB10981D1BB81B00BC451C /* LadyMarryTwitter */,
			);
		};
/* End PBXProject section */

/* Begin PBXResourcesBuildPhase section */
		4DEB10971D1BB81B00BC451C /* Resources */ = {
			isa = PBXResourcesBuildPhase;
			buildActionMask = 2147483647;
			files = (
				4DEB10A71D1BB81B00BC451C /* LaunchScreen.storyboard in Resources */,
				4DEB10A41D1BB81B00BC451C /* Assets.xcassets in Resources */,
				4DEB10A21D1BB81B00BC451C /* Main.storyboard in Resources */,
			);
			runOnlyForDeploymentPostprocessing = 0;
		};
/* End PBXResourcesBuildPhase section */

/* Begin PBXShellScriptBuildPhase section */
		3FC70D8FAB2ED216CD316503 /* 📦 Embed Pods Frameworks */ = {
			isa = PBXShellScriptBuildPhase;
			buildActionMask = 2147483647;
			files = (
			);
			inputPaths = (
			);
			name = "📦 Embed Pods Frameworks";
			outputPaths = (
			);
			runOnlyForDeploymentPostprocessing = 0;
			shellPath = /bin/sh;
			shellScript = "\"${SRCROOT}/Pods/Target Support Files/Pods-LadyMarryTwitter/Pods-LadyMarryTwitter-frameworks.sh\"\n";
			showEnvVarsInLog = 0;
		};
		9C3844796EC649B8FF749E64 /* 📦 Copy Pods Resources */ = {
			isa = PBXShellScriptBuildPhase;
			buildActionMask = 2147483647;
			files = (
			);
			inputPaths = (
			);
			name = "📦 Copy Pods Resources";
			outputPaths = (
			);
			runOnlyForDeploymentPostprocessing = 0;
			shellPath = /bin/sh;
			shellScript = "\"${SRCROOT}/Pods/Target Support Files/Pods-LadyMarryTwitter/Pods-LadyMarryTwitter-resources.sh\"\n";
			showEnvVarsInLog = 0;
		};
		A6F5A65DEC9B72CE64912D12 /* 📦 Check Pods Manifest.lock */ = {
			isa = PBXShellScriptBuildPhase;
			buildActionMask = 2147483647;
			files = (
			);
			inputPaths = (
			);
			name = "📦 Check Pods Manifest.lock";
			outputPaths = (
			);
			runOnlyForDeploymentPostprocessing = 0;
			shellPath = /bin/sh;
			shellScript = "diff \"${PODS_ROOT}/../Podfile.lock\" \"${PODS_ROOT}/Manifest.lock\" > /dev/null\nif [[ $? != 0 ]] ; then\n    cat << EOM\nerror: The sandbox is not in sync with the Podfile.lock. Run 'pod install' or update your CocoaPods installation.\nEOM\n    exit 1\nfi\n";
			showEnvVarsInLog = 0;
		};
/* End PBXShellScriptBuildPhase section */

/* Begin PBXSourcesBuildPhase section */
		4DEB10951D1BB81B00BC451C /* Sources */ = {
			isa = PBXSourcesBuildPhase;
			buildActionMask = 2147483647;
			files = (
				4DEB109F1D1BB81B00BC451C /* ViewController.swift in Sources */,
				4DEB109D1D1BB81B00BC451C /* AppDelegate.swift in Sources */,
			);
			runOnlyForDeploymentPostprocessing = 0;
		};
/* End PBXSourcesBuildPhase section */

/* Begin PBXVariantGroup section */
		4DEB10A01D1BB81B00BC451C /* Main.storyboard */ = {
			isa = PBXVariantGroup;
			children = (
				4DEB10A11D1BB81B00BC451C /* Base */,
			);
			name = Main.storyboard;
			sourceTree = "<group>";
		};
		4DEB10A51D1BB81B00BC451C /* LaunchScreen.storyboard */ = {
			isa = PBXVariantGroup;
			children = (
				4DEB10A61D1BB81B00BC451C /* Base */,
			);
			name = LaunchScreen.storyboard;
			sourceTree = "<group>";
		};
/* End PBXVariantGroup section */

/* Begin XCBuildConfiguration section */
		4DEB10A91D1BB81B00BC451C /* Debug */ = {
			isa = XCBuildConfiguration;
			buildSettings = {
				ALWAYS_SEARCH_USER_PATHS = NO;
				CLANG_ANALYZER_NONNULL = YES;
				CLANG_CXX_LANGUAGE_STANDARD = "gnu++0x";
				CLANG_CXX_LIBRARY = "libc++";
				CLANG_ENABLE_MODULES = YES;
				CLANG_ENABLE_OBJC_ARC = YES;
				CLANG_WARN_BOOL_CONVERSION = YES;
				CLANG_WARN_CONSTANT_CONVERSION = YES;
				CLANG_WARN_DIRECT_OBJC_ISA_USAGE = YES_ERROR;
				CLANG_WARN_EMPTY_BODY = YES;
				CLANG_WARN_ENUM_CONVERSION = YES;
				CLANG_WARN_INT_CONVERSION = YES;
				CLANG_WARN_OBJC_ROOT_CLASS = YES_ERROR;
				CLANG_WARN_UNREACHABLE_CODE = YES;
				CLANG_WARN__DUPLICATE_METHOD_MATCH = YES;
				"CODE_SIGN_IDENTITY[sdk=iphoneos*]" = "iPhone Developer";
				COPY_PHASE_STRIP = NO;
				DEBUG_INFORMATION_FORMAT = dwarf;
				ENABLE_STRICT_OBJC_MSGSEND = YES;
				ENABLE_TESTABILITY = YES;
				GCC_C_LANGUAGE_STANDARD = gnu99;
				GCC_DYNAMIC_NO_PIC = NO;
				GCC_NO_COMMON_BLOCKS = YES;
				GCC_OPTIMIZATION_LEVEL = 0;
				GCC_PREPROCESSOR_DEFINITIONS = (
					"DEBUG=1",
					"$(inherited)",
				);
				GCC_WARN_64_TO_32_BIT_CONVERSION = YES;
				GCC_WARN_ABOUT_RETURN_TYPE = YES_ERROR;
				GCC_WARN_UNDECLARED_SELECTOR = YES;
				GCC_WARN_UNINITIALIZED_AUTOS = YES_AGGRESSIVE;
				GCC_WARN_UNUSED_FUNCTION = YES;
				GCC_WARN_UNUSED_VARIABLE = YES;
				IPHONEOS_DEPLOYMENT_TARGET = 9.3;
				MTL_ENABLE_DEBUG_INFO = YES;
				ONLY_ACTIVE_ARCH = YES;
				SDKROOT = iphoneos;
				SWIFT_OPTIMIZATION_LEVEL = "-Onone";
			};
			name = Debug;
		};
		4DEB10AA1D1BB81B00BC451C /* Release */ = {
			isa = XCBuildConfiguration;
			buildSettings = {
				ALWAYS_SEARCH_USER_PATHS = NO;
				CLANG_ANALYZER_NONNULL = YES;
				CLANG_CXX_LANGUAGE_STANDARD = "gnu++0x";
				CLANG_CXX_LIBRARY = "libc++";
				CLANG_ENABLE_MODULES = YES;
				CLANG_ENABLE_OBJC_ARC = YES;
				CLANG_WARN_BOOL_CONVERSION = YES;
				CLANG_WARN_CONSTANT_CONVERSION = YES;
				CLANG_WARN_DIRECT_OBJC_ISA_USAGE = YES_ERROR;
				CLANG_WARN_EMPTY_BODY = YES;
				CLANG_WARN_ENUM_CONVERSION = YES;
				CLANG_WARN_INT_CONVERSION = YES;
				CLANG_WARN_OBJC_ROOT_CLASS = YES_ERROR;
				CLANG_WARN_UNREACHABLE_CODE = YES;
				CLANG_WARN__DUPLICATE_METHOD_MATCH = YES;
				"CODE_SIGN_IDENTITY[sdk=iphoneos*]" = "iPhone Developer";
				COPY_PHASE_STRIP = NO;
				DEBUG_INFORMATION_FORMAT = "dwarf-with-dsym";
				ENABLE_NS_ASSERTIONS = NO;
				ENABLE_STRICT_OBJC_MSGSEND = YES;
				GCC_C_LANGUAGE_STANDARD = gnu99;
				GCC_NO_COMMON_BLOCKS = YES;
				GCC_WARN_64_TO_32_BIT_CONVERSION = YES;
				GCC_WARN_ABOUT_RETURN_TYPE = YES_ERROR;
				GCC_WARN_UNDECLARED_SELECTOR = YES;
				GCC_WARN_UNINITIALIZED_AUTOS = YES_AGGRESSIVE;
				GCC_WARN_UNUSED_FUNCTION = YES;
				GCC_WARN_UNUSED_VARIABLE = YES;
				IPHONEOS_DEPLOYMENT_TARGET = 9.3;
				MTL_ENABLE_DEBUG_INFO = NO;
				SDKROOT = iphoneos;
				VALIDATE_PRODUCT = YES;
			};
			name = Release;
		};
		4DEB10AC1D1BB81B00BC451C /* Debug */ = {
			isa = XCBuildConfiguration;
			baseConfigurationReference = 66A15E877571908359A2ED6C /* Pods-LadyMarryTwitter.debug.xcconfig */;
			buildSettings = {
				ASSETCATALOG_COMPILER_APPICON_NAME = AppIcon;
				INFOPLIST_FILE = LadyMarryTwitter/Info.plist;
				LD_RUNPATH_SEARCH_PATHS = "$(inherited) @executable_path/Frameworks";
				PRODUCT_BUNDLE_IDENTIFIER = com.markqhao.LadyMarryTwitter;
				PRODUCT_NAME = "$(TARGET_NAME)";
			};
			name = Debug;
		};
		4DEB10AD1D1BB81B00BC451C /* Release */ = {
			isa = XCBuildConfiguration;
			baseConfigurationReference = 220CEDE501BDD656BA4408C3 /* Pods-LadyMarryTwitter.release.xcconfig */;
			buildSettings = {
				ASSETCATALOG_COMPILER_APPICON_NAME = AppIcon;
				INFOPLIST_FILE = LadyMarryTwitter/Info.plist;
				LD_RUNPATH_SEARCH_PATHS = "$(inherited) @executable_path/Frameworks";
				PRODUCT_BUNDLE_IDENTIFIER = com.markqhao.LadyMarryTwitter;
				PRODUCT_NAME = "$(TARGET_NAME)";
			};
			name = Release;
		};
/* End XCBuildConfiguration section */

/* Begin XCConfigurationList section */
		4DEB10941D1BB81B00BC451C /* Build configuration list for PBXProject "LadyMarryTwitter" */ = {
			isa = XCConfigurationList;
			buildConfigurations = (
				4DEB10A91D1BB81B00BC451C /* Debug */,
				4DEB10AA1D1BB81B00BC451C /* Release */,
			);
			defaultConfigurationIsVisible = 0;
			defaultConfigurationName = Release;
		};
		4DEB10AB1D1BB81B00BC451C /* Build configuration list for PBXNativeTarget "LadyMarryTwitter" */ = {
			isa = XCConfigurationList;
			buildConfigurations = (
				4DEB10AC1D1BB81B00BC451C /* Debug */,
				4DEB10AD1D1BB81B00BC451C /* Release */,
			);
			defaultConfigurationIsVisible = 0;
			defaultConfigurationName = Release;
		};
/* End XCConfigurationList section */
	};
	rootObject = 4DEB10911D1BB81B00BC451C /* Project object */;
}
